
Microsoft Visual Studio Solution File, Format Version 12.00
# Visual Studio Version 16
VisualStudioVersion = 16.0.31624.102
MinimumVisualStudioVersion = 10.0.40219.1
Project("{FAE04EC0-301F-11D3-BF4B-00C04F79EFBC}") = "UI POS", "UI POS\UI POS.csproj", "{2457D99D-DD51-4341-8B87-C5AE3A7E8B87}"
EndProject
Global
	GlobalSection(SolutionConfigurationPlatforms) = preSolution
		Debug|Any CPU = Debug|Any CPU
		Release|Any CPU = Release|Any CPU
	EndGlobalSection
	GlobalSection(ProjectConfigurationPlatforms) = postSolution
		{2457D99D-DD51-4341-8B87-C5AE3A7E8B87}.Debug|Any CPU.ActiveCfg = Debug|Any CPU
		{2457D99D-DD51-4341-8B87-C5AE3A7E8B87}.Debug|Any CPU.Build.0 = Debug|Any CPU
		{2457D99D-DD51-4341-8B87-C5AE3A7E8B87}.Release|Any CPU.ActiveCfg = Release|Any CPU
		{2457D99D-DD51-4341-8B87-C5AE3A7E8B87}.Release|Any CPU.Build.0 = Release|Any CPU
	EndGlobalSection
	GlobalSection(SolutionProperties) = preSolution
		HideSolutionNode = FALSE
	EndGlobalSection
	GlobalSection(ExtensibilityGlobals) = postSolution
		SolutionGuid = {937A3206-C087-44D6-819A-440EE8CDE5D4}
	EndGlobalSection
EndGlobal
